// !$*UTF8*$!
{
	archiveVersion = 1;
	classes = {
	};
	objectVersion = 52;
	objects = {

/* Begin PBXBuildFile section */
		0F2C4C5C2497FC2200E096D6 /* ViewControllerProfile.m in Sources */ = {isa = PBXBuildFile; fileRef = 0F2C4C5B2497FC2200E096D6 /* ViewControllerProfile.m */; };
		0FE712DF249794B0007952B4 /* GoogleService-Info.plist in Resources */ = {isa = PBXBuildFile; fileRef = 0FE712DE249794B0007952B4 /* GoogleService-Info.plist */; };
		0FE712E22497B54A007952B4 /* FacebookLogin in Frameworks */ = {isa = PBXBuildFile; productRef = 0FE712E12497B54A007952B4 /* FacebookLogin */; };
		0FEAF5232463001300F9FF3B /* AppDelegate.m in Sources */ = {isa = PBXBuildFile; fileRef = 0FEAF5222463001300F9FF3B /* AppDelegate.m */; };
		0FEAF5262463001300F9FF3B /* SceneDelegate.m in Sources */ = {isa = PBXBuildFile; fileRef = 0FEAF5252463001300F9FF3B /* SceneDelegate.m */; };
		0FEAF5292463001300F9FF3B /* ViewController.m in Sources */ = {isa = PBXBuildFile; fileRef = 0FEAF5282463001300F9FF3B /* ViewController.m */; };
		0FEAF52C2463001300F9FF3B /* Main.storyboard in Resources */ = {isa = PBXBuildFile; fileRef = 0FEAF52A2463001300F9FF3B /* Main.storyboard */; };
		0FEAF52E2463001400F9FF3B /* Assets.xcassets in Resources */ = {isa = PBXBuildFile; fileRef = 0FEAF52D2463001400F9FF3B /* Assets.xcassets */; };
		0FEAF5312463001400F9FF3B /* LaunchScreen.storyboard in Resources */ = {isa = PBXBuildFile; fileRef = 0FEAF52F2463001400F9FF3B /* LaunchScreen.storyboard */; };
		0FEAF5342463001400F9FF3B /* main.m in Sources */ = {isa = PBXBuildFile; fileRef = 0FEAF5332463001400F9FF3B /* main.m */; };
		0FEAF53E2463001400F9FF3B /* WaiterTests.m in Sources */ = {isa = PBXBuildFile; fileRef = 0FEAF53D2463001400F9FF3B /* WaiterTests.m */; };
		0FEAF5492463001400F9FF3B /* WaiterUITests.m in Sources */ = {isa = PBXBuildFile; fileRef = 0FEAF5482463001400F9FF3B /* WaiterUITests.m */; };
		0FFE45082482AD3C00119830 /* FoodImage2.jpg in Resources */ = {isa = PBXBuildFile; fileRef = 0FFE45062482AD3C00119830 /* FoodImage2.jpg */; };
		0FFE45092482AD3C00119830 /* FoodImage1.jpg in Resources */ = {isa = PBXBuildFile; fileRef = 0FFE45072482AD3C00119830 /* FoodImage1.jpg */; };
		0FFE450C2482B7F500119830 /* ViewControllerRestaurantDetails.m in Sources */ = {isa = PBXBuildFile; fileRef = 0FFE450B2482B7F500119830 /* ViewControllerRestaurantDetails.m */; };
		0FFE450F2482B87F00119830 /* ViewControllerRestaurantSearch.m in Sources */ = {isa = PBXBuildFile; fileRef = 0FFE450E2482B87F00119830 /* ViewControllerRestaurantSearch.m */; };
		0FFE45112482D09B00119830 /* QRCodeImage.png in Resources */ = {isa = PBXBuildFile; fileRef = 0FFE45102482D09B00119830 /* QRCodeImage.png */; };
		0FFE45142482D23100119830 /* ViewControllerQRScanner.m in Sources */ = {isa = PBXBuildFile; fileRef = 0FFE45132482D23100119830 /* ViewControllerQRScanner.m */; };
		0FFE4517248356BA00119830 /* ViewControllerMenu.m in Sources */ = {isa = PBXBuildFile; fileRef = 0FFE4516248356BA00119830 /* ViewControllerMenu.m */; };
		0FFE4519248365D200119830 /* Maps.jpg in Resources */ = {isa = PBXBuildFile; fileRef = 0FFE4518248365D100119830 /* Maps.jpg */; };
		0FFE451C24837E5000119830 /* ViewControllerLogin.m in Sources */ = {isa = PBXBuildFile; fileRef = 0FFE451B24837E5000119830 /* ViewControllerLogin.m */; };
		0FFE451F24837FA400119830 /* ViewControllerMap.m in Sources */ = {isa = PBXBuildFile; fileRef = 0FFE451E24837FA400119830 /* ViewControllerMap.m */; };
		0FFE452524839ED100119830 /* ViewControllerItem.m in Sources */ = {isa = PBXBuildFile; fileRef = 0FFE452424839ED100119830 /* ViewControllerItem.m */; };
		0FFE45342483BE5B00119830 /* TiramisuImage.jpeg in Resources */ = {isa = PBXBuildFile; fileRef = 0FFE45262483BE5900119830 /* TiramisuImage.jpeg */; };
		0FFE45352483BE5B00119830 /* GyozaImage.jpg in Resources */ = {isa = PBXBuildFile; fileRef = 0FFE45272483BE5900119830 /* GyozaImage.jpg */; };
		0FFE45362483BE5B00119830 /* WineImage.jpeg in Resources */ = {isa = PBXBuildFile; fileRef = 0FFE45282483BE5900119830 /* WineImage.jpeg */; };
		0FFE45372483BE5B00119830 /* CheesecakeImage.jpg in Resources */ = {isa = PBXBuildFile; fileRef = 0FFE45292483BE5900119830 /* CheesecakeImage.jpg */; };
		0FFE45382483BE5B00119830 /* JuiceImage.jpeg in Resources */ = {isa = PBXBuildFile; fileRef = 0FFE452A2483BE5900119830 /* JuiceImage.jpeg */; };
		0FFE45392483BE5B00119830 /* SoftDrinksImage.jpg in Resources */ = {isa = PBXBuildFile; fileRef = 0FFE452B2483BE5900119830 /* SoftDrinksImage.jpg */; };
		0FFE453A2483BE5B00119830 /* SpringRollsImage.jpeg in Resources */ = {isa = PBXBuildFile; fileRef = 0FFE452C2483BE5A00119830 /* SpringRollsImage.jpeg */; };
		0FFE453B2483BE5B00119830 /* BruschettaImage.jpg in Resources */ = {isa = PBXBuildFile; fileRef = 0FFE452D2483BE5A00119830 /* BruschettaImage.jpg */; };
		0FFE453C2483BE5B00119830 /* SteakImage.jpg in Resources */ = {isa = PBXBuildFile; fileRef = 0FFE452E2483BE5A00119830 /* SteakImage.jpg */; };
		0FFE453D2483BE5B00119830 /* SpaghettiBologneseImage.jpg in Resources */ = {isa = PBXBuildFile; fileRef = 0FFE452F2483BE5A00119830 /* SpaghettiBologneseImage.jpg */; };
		0FFE453E2483BE5B00119830 /* ChickenParmaImage.jpg in Resources */ = {isa = PBXBuildFile; fileRef = 0FFE45302483BE5A00119830 /* ChickenParmaImage.jpg */; };
		0FFE453F2483BE5B00119830 /* FishCurryImage.jpg in Resources */ = {isa = PBXBuildFile; fileRef = 0FFE45312483BE5A00119830 /* FishCurryImage.jpg */; };
		0FFE45402483BE5B00119830 /* IcecreamImage.jpg in Resources */ = {isa = PBXBuildFile; fileRef = 0FFE45322483BE5A00119830 /* IcecreamImage.jpg */; };
		0FFE45412483BE5B00119830 /* BeerImage.jpeg in Resources */ = {isa = PBXBuildFile; fileRef = 0FFE45332483BE5A00119830 /* BeerImage.jpeg */; };
		455B312DB68D22DB6A0BA0E7 /* Pods_Waiter_WaiterUITests.framework in Frameworks */ = {isa = PBXBuildFile; fileRef = 81CFA509EC5F0C171A02FE11 /* Pods_Waiter_WaiterUITests.framework */; };
		61A1F8F3CDA5AD769550F6FA /* Pods_Waiter.framework in Frameworks */ = {isa = PBXBuildFile; fileRef = 1601FF7C8A8EBF81E1951710 /* Pods_Waiter.framework */; };
		FDA64A8454F183EC8CEEE521 /* Pods_WaiterTests.framework in Frameworks */ = {isa = PBXBuildFile; fileRef = 4127667598F6E075697D605F /* Pods_WaiterTests.framework */; };
/* End PBXBuildFile section */

/* Begin PBXContainerItemProxy section */
		0FEAF53A2463001400F9FF3B /* PBXContainerItemProxy */ = {
			isa = PBXContainerItemProxy;
			containerPortal = 0FEAF5162463001300F9FF3B /* Project object */;
			proxyType = 1;
			remoteGlobalIDString = 0FEAF51D2463001300F9FF3B;
			remoteInfo = Waiter;
		};
		0FEAF5452463001400F9FF3B /* PBXContainerItemProxy */ = {
			isa = PBXContainerItemProxy;
			containerPortal = 0FEAF5162463001300F9FF3B /* Project object */;
			proxyType = 1;
			remoteGlobalIDString = 0FEAF51D2463001300F9FF3B;
			remoteInfo = Waiter;
		};
/* End PBXContainerItemProxy section */

/* Begin PBXFileReference section */
		037C8EE2C23E0A811AE6A115 /* Pods-WaiterTests.release.xcconfig */ = {isa = PBXFileReference; includeInIndex = 1; lastKnownFileType = text.xcconfig; name = "Pods-WaiterTests.release.xcconfig"; path = "Target Support Files/Pods-WaiterTests/Pods-WaiterTests.release.xcconfig"; sourceTree = "<group>"; };
		0F2C4C5A2497FC2200E096D6 /* ViewControllerProfile.h */ = {isa = PBXFileReference; lastKnownFileType = sourcecode.c.h; path = ViewControllerProfile.h; sourceTree = "<group>"; };
		0F2C4C5B2497FC2200E096D6 /* ViewControllerProfile.m */ = {isa = PBXFileReference; lastKnownFileType = sourcecode.c.objc; path = ViewControllerProfile.m; sourceTree = "<group>"; };
		0FE712DE249794B0007952B4 /* GoogleService-Info.plist */ = {isa = PBXFileReference; fileEncoding = 4; lastKnownFileType = text.plist.xml; name = "GoogleService-Info.plist"; path = "../../../../../Downloads/GoogleService-Info.plist"; sourceTree = "<group>"; };
		0FEAF51E2463001300F9FF3B /* Waiter.app */ = {isa = PBXFileReference; explicitFileType = wrapper.application; includeInIndex = 0; path = Waiter.app; sourceTree = BUILT_PRODUCTS_DIR; };
		0FEAF5212463001300F9FF3B /* AppDelegate.h */ = {isa = PBXFileReference; lastKnownFileType = sourcecode.c.h; path = AppDelegate.h; sourceTree = "<group>"; };
		0FEAF5222463001300F9FF3B /* AppDelegate.m */ = {isa = PBXFileReference; lastKnownFileType = sourcecode.c.objc; path = AppDelegate.m; sourceTree = "<group>"; };
		0FEAF5242463001300F9FF3B /* SceneDelegate.h */ = {isa = PBXFileReference; lastKnownFileType = sourcecode.c.h; path = SceneDelegate.h; sourceTree = "<group>"; };
		0FEAF5252463001300F9FF3B /* SceneDelegate.m */ = {isa = PBXFileReference; lastKnownFileType = sourcecode.c.objc; path = SceneDelegate.m; sourceTree = "<group>"; };
		0FEAF5272463001300F9FF3B /* ViewController.h */ = {isa = PBXFileReference; lastKnownFileType = sourcecode.c.h; path = ViewController.h; sourceTree = "<group>"; };
		0FEAF5282463001300F9FF3B /* ViewController.m */ = {isa = PBXFileReference; lastKnownFileType = sourcecode.c.objc; path = ViewController.m; sourceTree = "<group>"; };
		0FEAF52B2463001300F9FF3B /* Base */ = {isa = PBXFileReference; lastKnownFileType = file.storyboard; name = Base; path = Base.lproj/Main.storyboard; sourceTree = "<group>"; };
		0FEAF52D2463001400F9FF3B /* Assets.xcassets */ = {isa = PBXFileReference; lastKnownFileType = folder.assetcatalog; path = Assets.xcassets; sourceTree = "<group>"; };
		0FEAF5302463001400F9FF3B /* Base */ = {isa = PBXFileReference; lastKnownFileType = file.storyboard; name = Base; path = Base.lproj/LaunchScreen.storyboard; sourceTree = "<group>"; };
		0FEAF5322463001400F9FF3B /* Info.plist */ = {isa = PBXFileReference; lastKnownFileType = text.plist.xml; path = Info.plist; sourceTree = "<group>"; };
		0FEAF5332463001400F9FF3B /* main.m */ = {isa = PBXFileReference; lastKnownFileType = sourcecode.c.objc; path = main.m; sourceTree = "<group>"; };
		0FEAF5392463001400F9FF3B /* WaiterTests.xctest */ = {isa = PBXFileReference; explicitFileType = wrapper.cfbundle; includeInIndex = 0; path = WaiterTests.xctest; sourceTree = BUILT_PRODUCTS_DIR; };
		0FEAF53D2463001400F9FF3B /* WaiterTests.m */ = {isa = PBXFileReference; lastKnownFileType = sourcecode.c.objc; path = WaiterTests.m; sourceTree = "<group>"; };
		0FEAF53F2463001400F9FF3B /* Info.plist */ = {isa = PBXFileReference; lastKnownFileType = text.plist.xml; path = Info.plist; sourceTree = "<group>"; };
		0FEAF5442463001400F9FF3B /* WaiterUITests.xctest */ = {isa = PBXFileReference; explicitFileType = wrapper.cfbundle; includeInIndex = 0; path = WaiterUITests.xctest; sourceTree = BUILT_PRODUCTS_DIR; };
		0FEAF5482463001400F9FF3B /* WaiterUITests.m */ = {isa = PBXFileReference; lastKnownFileType = sourcecode.c.objc; path = WaiterUITests.m; sourceTree = "<group>"; };
		0FEAF54A2463001400F9FF3B /* Info.plist */ = {isa = PBXFileReference; lastKnownFileType = text.plist.xml; path = Info.plist; sourceTree = "<group>"; };
		0FFE45062482AD3C00119830 /* FoodImage2.jpg */ = {isa = PBXFileReference; lastKnownFileType = image.jpeg; name = FoodImage2.jpg; path = ../../../../../../Downloads/FoodImage2.jpg; sourceTree = "<group>"; };
		0FFE45072482AD3C00119830 /* FoodImage1.jpg */ = {isa = PBXFileReference; lastKnownFileType = image.jpeg; name = FoodImage1.jpg; path = ../../../../../../Downloads/FoodImage1.jpg; sourceTree = "<group>"; };
		0FFE450A2482B7F500119830 /* ViewControllerRestaurantDetails.h */ = {isa = PBXFileReference; lastKnownFileType = sourcecode.c.h; path = ViewControllerRestaurantDetails.h; sourceTree = "<group>"; };
		0FFE450B2482B7F500119830 /* ViewControllerRestaurantDetails.m */ = {isa = PBXFileReference; lastKnownFileType = sourcecode.c.objc; path = ViewControllerRestaurantDetails.m; sourceTree = "<group>"; };
		0FFE450D2482B87F00119830 /* ViewControllerRestaurantSearch.h */ = {isa = PBXFileReference; lastKnownFileType = sourcecode.c.h; path = ViewControllerRestaurantSearch.h; sourceTree = "<group>"; };
		0FFE450E2482B87F00119830 /* ViewControllerRestaurantSearch.m */ = {isa = PBXFileReference; lastKnownFileType = sourcecode.c.objc; path = ViewControllerRestaurantSearch.m; sourceTree = "<group>"; };
		0FFE45102482D09B00119830 /* QRCodeImage.png */ = {isa = PBXFileReference; lastKnownFileType = image.png; name = QRCodeImage.png; path = ../../../../../../Downloads/QRCodeImage.png; sourceTree = "<group>"; };
		0FFE45122482D23100119830 /* ViewControllerQRScanner.h */ = {isa = PBXFileReference; lastKnownFileType = sourcecode.c.h; path = ViewControllerQRScanner.h; sourceTree = "<group>"; };
		0FFE45132482D23100119830 /* ViewControllerQRScanner.m */ = {isa = PBXFileReference; lastKnownFileType = sourcecode.c.objc; path = ViewControllerQRScanner.m; sourceTree = "<group>"; };
		0FFE4515248356BA00119830 /* ViewControllerMenu.h */ = {isa = PBXFileReference; lastKnownFileType = sourcecode.c.h; path = ViewControllerMenu.h; sourceTree = "<group>"; };
		0FFE4516248356BA00119830 /* ViewControllerMenu.m */ = {isa = PBXFileReference; lastKnownFileType = sourcecode.c.objc; path = ViewControllerMenu.m; sourceTree = "<group>"; };
		0FFE4518248365D100119830 /* Maps.jpg */ = {isa = PBXFileReference; lastKnownFileType = image.jpeg; name = Maps.jpg; path = ../../../../../../Downloads/Maps.jpg; sourceTree = "<group>"; };
		0FFE451A24837E5000119830 /* ViewControllerLogin.h */ = {isa = PBXFileReference; lastKnownFileType = sourcecode.c.h; path = ViewControllerLogin.h; sourceTree = "<group>"; };
		0FFE451B24837E5000119830 /* ViewControllerLogin.m */ = {isa = PBXFileReference; lastKnownFileType = sourcecode.c.objc; path = ViewControllerLogin.m; sourceTree = "<group>"; };
		0FFE451D24837FA400119830 /* ViewControllerMap.h */ = {isa = PBXFileReference; lastKnownFileType = sourcecode.c.h; path = ViewControllerMap.h; sourceTree = "<group>"; };
		0FFE451E24837FA400119830 /* ViewControllerMap.m */ = {isa = PBXFileReference; lastKnownFileType = sourcecode.c.objc; path = ViewControllerMap.m; sourceTree = "<group>"; };
		0FFE452324839ED100119830 /* ViewControllerItem.h */ = {isa = PBXFileReference; lastKnownFileType = sourcecode.c.h; path = ViewControllerItem.h; sourceTree = "<group>"; };
		0FFE452424839ED100119830 /* ViewControllerItem.m */ = {isa = PBXFileReference; lastKnownFileType = sourcecode.c.objc; path = ViewControllerItem.m; sourceTree = "<group>"; };
		0FFE45262483BE5900119830 /* TiramisuImage.jpeg */ = {isa = PBXFileReference; lastKnownFileType = image.jpeg; name = TiramisuImage.jpeg; path = ../../../../../../Downloads/TiramisuImage.jpeg; sourceTree = "<group>"; };
		0FFE45272483BE5900119830 /* GyozaImage.jpg */ = {isa = PBXFileReference; lastKnownFileType = image.jpeg; name = GyozaImage.jpg; path = ../../../../../../Downloads/GyozaImage.jpg; sourceTree = "<group>"; };
		0FFE45282483BE5900119830 /* WineImage.jpeg */ = {isa = PBXFileReference; lastKnownFileType = image.jpeg; name = WineImage.jpeg; path = ../../../../../../Downloads/WineImage.jpeg; sourceTree = "<group>"; };
		0FFE45292483BE5900119830 /* CheesecakeImage.jpg */ = {isa = PBXFileReference; lastKnownFileType = image.jpeg; name = CheesecakeImage.jpg; path = ../../../../../../Downloads/CheesecakeImage.jpg; sourceTree = "<group>"; };
		0FFE452A2483BE5900119830 /* JuiceImage.jpeg */ = {isa = PBXFileReference; lastKnownFileType = image.jpeg; name = JuiceImage.jpeg; path = ../../../../../../Downloads/JuiceImage.jpeg; sourceTree = "<group>"; };
		0FFE452B2483BE5900119830 /* SoftDrinksImage.jpg */ = {isa = PBXFileReference; lastKnownFileType = image.jpeg; name = SoftDrinksImage.jpg; path = ../../../../../../Downloads/SoftDrinksImage.jpg; sourceTree = "<group>"; };
		0FFE452C2483BE5A00119830 /* SpringRollsImage.jpeg */ = {isa = PBXFileReference; lastKnownFileType = image.jpeg; name = SpringRollsImage.jpeg; path = ../../../../../../Downloads/SpringRollsImage.jpeg; sourceTree = "<group>"; };
		0FFE452D2483BE5A00119830 /* BruschettaImage.jpg */ = {isa = PBXFileReference; lastKnownFileType = image.jpeg; name = BruschettaImage.jpg; path = ../../../../../../Downloads/BruschettaImage.jpg; sourceTree = "<group>"; };
		0FFE452E2483BE5A00119830 /* SteakImage.jpg */ = {isa = PBXFileReference; lastKnownFileType = image.jpeg; name = SteakImage.jpg; path = ../../../../../../Downloads/SteakImage.jpg; sourceTree = "<group>"; };
		0FFE452F2483BE5A00119830 /* SpaghettiBologneseImage.jpg */ = {isa = PBXFileReference; lastKnownFileType = image.jpeg; name = SpaghettiBologneseImage.jpg; path = ../../../../../../Downloads/SpaghettiBologneseImage.jpg; sourceTree = "<group>"; };
		0FFE45302483BE5A00119830 /* ChickenParmaImage.jpg */ = {isa = PBXFileReference; lastKnownFileType = image.jpeg; name = ChickenParmaImage.jpg; path = ../../../../../../Downloads/ChickenParmaImage.jpg; sourceTree = "<group>"; };
		0FFE45312483BE5A00119830 /* FishCurryImage.jpg */ = {isa = PBXFileReference; lastKnownFileType = image.jpeg; name = FishCurryImage.jpg; path = ../../../../../../Downloads/FishCurryImage.jpg; sourceTree = "<group>"; };
		0FFE45322483BE5A00119830 /* IcecreamImage.jpg */ = {isa = PBXFileReference; lastKnownFileType = image.jpeg; name = IcecreamImage.jpg; path = ../../../../../../Downloads/IcecreamImage.jpg; sourceTree = "<group>"; };
		0FFE45332483BE5A00119830 /* BeerImage.jpeg */ = {isa = PBXFileReference; lastKnownFileType = image.jpeg; name = BeerImage.jpeg; path = ../../../../../../Downloads/BeerImage.jpeg; sourceTree = "<group>"; };
		1601FF7C8A8EBF81E1951710 /* Pods_Waiter.framework */ = {isa = PBXFileReference; explicitFileType = wrapper.framework; includeInIndex = 0; path = Pods_Waiter.framework; sourceTree = BUILT_PRODUCTS_DIR; };
		4127667598F6E075697D605F /* Pods_WaiterTests.framework */ = {isa = PBXFileReference; explicitFileType = wrapper.framework; includeInIndex = 0; path = Pods_WaiterTests.framework; sourceTree = BUILT_PRODUCTS_DIR; };
		6743D044849C531B9E52E388 /* Pods-Waiter.release.xcconfig */ = {isa = PBXFileReference; includeInIndex = 1; lastKnownFileType = text.xcconfig; name = "Pods-Waiter.release.xcconfig"; path = "Target Support Files/Pods-Waiter/Pods-Waiter.release.xcconfig"; sourceTree = "<group>"; };
		6F55F8B22F48AC0C9176E03E /* Pods-WaiterTests.debug.xcconfig */ = {isa = PBXFileReference; includeInIndex = 1; lastKnownFileType = text.xcconfig; name = "Pods-WaiterTests.debug.xcconfig"; path = "Target Support Files/Pods-WaiterTests/Pods-WaiterTests.debug.xcconfig"; sourceTree = "<group>"; };
		71AB7710476768F1319563CF /* Pods-Waiter-WaiterUITests.debug.xcconfig */ = {isa = PBXFileReference; includeInIndex = 1; lastKnownFileType = text.xcconfig; name = "Pods-Waiter-WaiterUITests.debug.xcconfig"; path = "Target Support Files/Pods-Waiter-WaiterUITests/Pods-Waiter-WaiterUITests.debug.xcconfig"; sourceTree = "<group>"; };
		81CFA509EC5F0C171A02FE11 /* Pods_Waiter_WaiterUITests.framework */ = {isa = PBXFileReference; explicitFileType = wrapper.framework; includeInIndex = 0; path = Pods_Waiter_WaiterUITests.framework; sourceTree = BUILT_PRODUCTS_DIR; };
		8AE3638FBFE8E721FF1524B2 /* Pods-Waiter.debug.xcconfig */ = {isa = PBXFileReference; includeInIndex = 1; lastKnownFileType = text.xcconfig; name = "Pods-Waiter.debug.xcconfig"; path = "Target Support Files/Pods-Waiter/Pods-Waiter.debug.xcconfig"; sourceTree = "<group>"; };
		D0BD954E7E5F042EF817A3FC /* Pods-Waiter-WaiterUITests.release.xcconfig */ = {isa = PBXFileReference; includeInIndex = 1; lastKnownFileType = text.xcconfig; name = "Pods-Waiter-WaiterUITests.release.xcconfig"; path = "Target Support Files/Pods-Waiter-WaiterUITests/Pods-Waiter-WaiterUITests.release.xcconfig"; sourceTree = "<group>"; };
/* End PBXFileReference section */

/* Begin PBXFrameworksBuildPhase section */
		0FEAF51B2463001300F9FF3B /* Frameworks */ = {
			isa = PBXFrameworksBuildPhase;
			buildActionMask = 2147483647;
			files = (
				0FE712E22497B54A007952B4 /* FacebookLogin in Frameworks */,
				61A1F8F3CDA5AD769550F6FA /* Pods_Waiter.framework in Frameworks */,
			);
			runOnlyForDeploymentPostprocessing = 0;
		};
		0FEAF5362463001400F9FF3B /* Frameworks */ = {
			isa = PBXFrameworksBuildPhase;
			buildActionMask = 2147483647;
			files = (
				FDA64A8454F183EC8CEEE521 /* Pods_WaiterTests.framework in Frameworks */,
			);
			runOnlyForDeploymentPostprocessing = 0;
		};
		0FEAF5412463001400F9FF3B /* Frameworks */ = {
			isa = PBXFrameworksBuildPhase;
			buildActionMask = 2147483647;
			files = (
				455B312DB68D22DB6A0BA0E7 /* Pods_Waiter_WaiterUITests.framework in Frameworks */,
			);
			runOnlyForDeploymentPostprocessing = 0;
		};
/* End PBXFrameworksBuildPhase section */

/* Begin PBXGroup section */
		0FEAF5152463001300F9FF3B = {
			isa = PBXGroup;
			children = (
				0FEAF5202463001300F9FF3B /* Waiter */,
				0FEAF53C2463001400F9FF3B /* WaiterTests */,
				0FEAF5472463001400F9FF3B /* WaiterUITests */,
				0FEAF51F2463001300F9FF3B /* Products */,
				961EDA0F9F3148F6B0C25B56 /* Pods */,
				1D2892D26CCAF33AB809A91D /* Frameworks */,
			);
			sourceTree = "<group>";
		};
		0FEAF51F2463001300F9FF3B /* Products */ = {
			isa = PBXGroup;
			children = (
				0FEAF51E2463001300F9FF3B /* Waiter.app */,
				0FEAF5392463001400F9FF3B /* WaiterTests.xctest */,
				0FEAF5442463001400F9FF3B /* WaiterUITests.xctest */,
			);
			name = Products;
			sourceTree = "<group>";
		};
		0FEAF5202463001300F9FF3B /* Waiter */ = {
			isa = PBXGroup;
			children = (
				0FE712DE249794B0007952B4 /* GoogleService-Info.plist */,
				0FFE45052482AB9F00119830 /* Images */,
				0FEAF5212463001300F9FF3B /* AppDelegate.h */,
				0FEAF5222463001300F9FF3B /* AppDelegate.m */,
				0FEAF5242463001300F9FF3B /* SceneDelegate.h */,
				0FEAF5252463001300F9FF3B /* SceneDelegate.m */,
				0FEAF5272463001300F9FF3B /* ViewController.h */,
				0FEAF5282463001300F9FF3B /* ViewController.m */,
				0FEAF52A2463001300F9FF3B /* Main.storyboard */,
				0FEAF52D2463001400F9FF3B /* Assets.xcassets */,
				0FEAF52F2463001400F9FF3B /* LaunchScreen.storyboard */,
				0FEAF5322463001400F9FF3B /* Info.plist */,
				0FEAF5332463001400F9FF3B /* main.m */,
				0FFE450A2482B7F500119830 /* ViewControllerRestaurantDetails.h */,
				0FFE450B2482B7F500119830 /* ViewControllerRestaurantDetails.m */,
				0FFE450D2482B87F00119830 /* ViewControllerRestaurantSearch.h */,
				0FFE450E2482B87F00119830 /* ViewControllerRestaurantSearch.m */,
				0FFE45122482D23100119830 /* ViewControllerQRScanner.h */,
				0FFE45132482D23100119830 /* ViewControllerQRScanner.m */,
				0FFE4515248356BA00119830 /* ViewControllerMenu.h */,
				0FFE4516248356BA00119830 /* ViewControllerMenu.m */,
				0FFE451A24837E5000119830 /* ViewControllerLogin.h */,
				0FFE451B24837E5000119830 /* ViewControllerLogin.m */,
				0FFE451D24837FA400119830 /* ViewControllerMap.h */,
				0FFE451E24837FA400119830 /* ViewControllerMap.m */,
				0FFE452324839ED100119830 /* ViewControllerItem.h */,
				0FFE452424839ED100119830 /* ViewControllerItem.m */,
				0F2C4C5A2497FC2200E096D6 /* ViewControllerProfile.h */,
				0F2C4C5B2497FC2200E096D6 /* ViewControllerProfile.m */,
			);
			path = Waiter;
			sourceTree = "<group>";
		};
		0FEAF53C2463001400F9FF3B /* WaiterTests */ = {
			isa = PBXGroup;
			children = (
				0FEAF53D2463001400F9FF3B /* WaiterTests.m */,
				0FEAF53F2463001400F9FF3B /* Info.plist */,
			);
			path = WaiterTests;
			sourceTree = "<group>";
		};
		0FEAF5472463001400F9FF3B /* WaiterUITests */ = {
			isa = PBXGroup;
			children = (
				0FEAF5482463001400F9FF3B /* WaiterUITests.m */,
				0FEAF54A2463001400F9FF3B /* Info.plist */,
			);
			path = WaiterUITests;
			sourceTree = "<group>";
		};
		0FFE45052482AB9F00119830 /* Images */ = {
			isa = PBXGroup;
			children = (
				0FFE45332483BE5A00119830 /* BeerImage.jpeg */,
				0FFE452D2483BE5A00119830 /* BruschettaImage.jpg */,
				0FFE45292483BE5900119830 /* CheesecakeImage.jpg */,
				0FFE45302483BE5A00119830 /* ChickenParmaImage.jpg */,
				0FFE45312483BE5A00119830 /* FishCurryImage.jpg */,
				0FFE45272483BE5900119830 /* GyozaImage.jpg */,
				0FFE45322483BE5A00119830 /* IcecreamImage.jpg */,
				0FFE452A2483BE5900119830 /* JuiceImage.jpeg */,
				0FFE452B2483BE5900119830 /* SoftDrinksImage.jpg */,
				0FFE452F2483BE5A00119830 /* SpaghettiBologneseImage.jpg */,
				0FFE452C2483BE5A00119830 /* SpringRollsImage.jpeg */,
				0FFE452E2483BE5A00119830 /* SteakImage.jpg */,
				0FFE45262483BE5900119830 /* TiramisuImage.jpeg */,
				0FFE45282483BE5900119830 /* WineImage.jpeg */,
				0FFE4518248365D100119830 /* Maps.jpg */,
				0FFE45102482D09B00119830 /* QRCodeImage.png */,
				0FFE45072482AD3C00119830 /* FoodImage1.jpg */,
				0FFE45062482AD3C00119830 /* FoodImage2.jpg */,
			);
			path = Images;
			sourceTree = "<group>";
		};
		1D2892D26CCAF33AB809A91D /* Frameworks */ = {
			isa = PBXGroup;
			children = (
				1601FF7C8A8EBF81E1951710 /* Pods_Waiter.framework */,
				81CFA509EC5F0C171A02FE11 /* Pods_Waiter_WaiterUITests.framework */,
				4127667598F6E075697D605F /* Pods_WaiterTests.framework */,
			);
			name = Frameworks;
			sourceTree = "<group>";
		};
		961EDA0F9F3148F6B0C25B56 /* Pods */ = {
			isa = PBXGroup;
			children = (
				8AE3638FBFE8E721FF1524B2 /* Pods-Waiter.debug.xcconfig */,
				6743D044849C531B9E52E388 /* Pods-Waiter.release.xcconfig */,
				71AB7710476768F1319563CF /* Pods-Waiter-WaiterUITests.debug.xcconfig */,
				D0BD954E7E5F042EF817A3FC /* Pods-Waiter-WaiterUITests.release.xcconfig */,
				6F55F8B22F48AC0C9176E03E /* Pods-WaiterTests.debug.xcconfig */,
				037C8EE2C23E0A811AE6A115 /* Pods-WaiterTests.release.xcconfig */,
			);
			path = Pods;
			sourceTree = "<group>";
		};
/* End PBXGroup section */

/* Begin PBXNativeTarget section */
		0FEAF51D2463001300F9FF3B /* Waiter */ = {
			isa = PBXNativeTarget;
			buildConfigurationList = 0FEAF54D2463001400F9FF3B /* Build configuration list for PBXNativeTarget "Waiter" */;
			buildPhases = (
				C095F4E258F9022E6AEB664A /* [CP] Check Pods Manifest.lock */,
				0FEAF51A2463001300F9FF3B /* Sources */,
				0FEAF51B2463001300F9FF3B /* Frameworks */,
				0FEAF51C2463001300F9FF3B /* Resources */,
				7A250608C6817CF07A30C622 /* [CP] Embed Pods Frameworks */,
				3FE23E1F2315E4D3EA651E38 /* [CP] Copy Pods Resources */,
			);
			buildRules = (
			);
			dependencies = (
			);
			name = Waiter;
			packageProductDependencies = (
				0FE712E12497B54A007952B4 /* FacebookLogin */,
			);
			productName = Waiter;
			productReference = 0FEAF51E2463001300F9FF3B /* Waiter.app */;
			productType = "com.apple.product-type.application";
		};
		0FEAF5382463001400F9FF3B /* WaiterTests */ = {
			isa = PBXNativeTarget;
			buildConfigurationList = 0FEAF5502463001400F9FF3B /* Build configuration list for PBXNativeTarget "WaiterTests" */;
			buildPhases = (
				EEFD758C5B7625A9D9280152 /* [CP] Check Pods Manifest.lock */,
				0FEAF5352463001400F9FF3B /* Sources */,
				0FEAF5362463001400F9FF3B /* Frameworks */,
				0FEAF5372463001400F9FF3B /* Resources */,
			);
			buildRules = (
			);
			dependencies = (
				0FEAF53B2463001400F9FF3B /* PBXTargetDependency */,
			);
			name = WaiterTests;
			productName = WaiterTests;
			productReference = 0FEAF5392463001400F9FF3B /* WaiterTests.xctest */;
			productType = "com.apple.product-type.bundle.unit-test";
		};
		0FEAF5432463001400F9FF3B /* WaiterUITests */ = {
			isa = PBXNativeTarget;
			buildConfigurationList = 0FEAF5532463001400F9FF3B /* Build configuration list for PBXNativeTarget "WaiterUITests" */;
			buildPhases = (
				76BB1A5630E9B69D9AEBDD31 /* [CP] Check Pods Manifest.lock */,
				0FEAF5402463001400F9FF3B /* Sources */,
				0FEAF5412463001400F9FF3B /* Frameworks */,
				0FEAF5422463001400F9FF3B /* Resources */,
				50ACBA870EB26D386BE56D91 /* [CP] Embed Pods Frameworks */,
				4B78517B14AF5D4E969BB8BA /* [CP] Copy Pods Resources */,
			);
			buildRules = (
			);
			dependencies = (
				0FEAF5462463001400F9FF3B /* PBXTargetDependency */,
			);
			name = WaiterUITests;
			productName = WaiterUITests;
			productReference = 0FEAF5442463001400F9FF3B /* WaiterUITests.xctest */;
			productType = "com.apple.product-type.bundle.ui-testing";
		};
/* End PBXNativeTarget section */

/* Begin PBXProject section */
		0FEAF5162463001300F9FF3B /* Project object */ = {
			isa = PBXProject;
			attributes = {
				LastUpgradeCheck = 1140;
				ORGANIZATIONNAME = "Michael Hallorina";
				TargetAttributes = {
					0FEAF51D2463001300F9FF3B = {
						CreatedOnToolsVersion = 11.4;
					};
					0FEAF5382463001400F9FF3B = {
						CreatedOnToolsVersion = 11.4;
						TestTargetID = 0FEAF51D2463001300F9FF3B;
					};
					0FEAF5432463001400F9FF3B = {
						CreatedOnToolsVersion = 11.4;
						TestTargetID = 0FEAF51D2463001300F9FF3B;
					};
				};
			};
			buildConfigurationList = 0FEAF5192463001300F9FF3B /* Build configuration list for PBXProject "Waiter" */;
			compatibilityVersion = "Xcode 9.3";
			developmentRegion = en;
			hasScannedForEncodings = 0;
			knownRegions = (
				en,
				Base,
			);
			mainGroup = 0FEAF5152463001300F9FF3B;
			packageReferences = (
				0FE712E02497B54A007952B4 /* XCRemoteSwiftPackageReference "facebook-ios-sdk" */,
			);
			productRefGroup = 0FEAF51F2463001300F9FF3B /* Products */;
			projectDirPath = "";
			projectRoot = "";
			targets = (
				0FEAF51D2463001300F9FF3B /* Waiter */,
				0FEAF5382463001400F9FF3B /* WaiterTests */,
				0FEAF5432463001400F9FF3B /* WaiterUITests */,
			);
		};
/* End PBXProject section */

/* Begin PBXResourcesBuildPhase section */
		0FEAF51C2463001300F9FF3B /* Resources */ = {
			isa = PBXResourcesBuildPhase;
			buildActionMask = 2147483647;
			files = (
				0FEAF5312463001400F9FF3B /* LaunchScreen.storyboard in Resources */,
				0FFE45352483BE5B00119830 /* GyozaImage.jpg in Resources */,
				0FFE45092482AD3C00119830 /* FoodImage1.jpg in Resources */,
				0FFE453D2483BE5B00119830 /* SpaghettiBologneseImage.jpg in Resources */,
				0FFE45412483BE5B00119830 /* BeerImage.jpeg in Resources */,
				0FFE45082482AD3C00119830 /* FoodImage2.jpg in Resources */,
				0FEAF52E2463001400F9FF3B /* Assets.xcassets in Resources */,
				0FFE453A2483BE5B00119830 /* SpringRollsImage.jpeg in Resources */,
				0FFE45372483BE5B00119830 /* CheesecakeImage.jpg in Resources */,
				0FFE45382483BE5B00119830 /* JuiceImage.jpeg in Resources */,
				0FFE453C2483BE5B00119830 /* SteakImage.jpg in Resources */,
				0FFE4519248365D200119830 /* Maps.jpg in Resources */,
				0FFE45392483BE5B00119830 /* SoftDrinksImage.jpg in Resources */,
				0FEAF52C2463001300F9FF3B /* Main.storyboard in Resources */,
				0FFE45112482D09B00119830 /* QRCodeImage.png in Resources */,
				0FFE45362483BE5B00119830 /* WineImage.jpeg in Resources */,
				0FFE453B2483BE5B00119830 /* BruschettaImage.jpg in Resources */,
				0FFE45402483BE5B00119830 /* IcecreamImage.jpg in Resources */,
				0FFE45342483BE5B00119830 /* TiramisuImage.jpeg in Resources */,
				0FE712DF249794B0007952B4 /* GoogleService-Info.plist in Resources */,
				0FFE453E2483BE5B00119830 /* ChickenParmaImage.jpg in Resources */,
				0FFE453F2483BE5B00119830 /* FishCurryImage.jpg in Resources */,
			);
			runOnlyForDeploymentPostprocessing = 0;
		};
		0FEAF5372463001400F9FF3B /* Resources */ = {
			isa = PBXResourcesBuildPhase;
			buildActionMask = 2147483647;
			files = (
			);
			runOnlyForDeploymentPostprocessing = 0;
		};
		0FEAF5422463001400F9FF3B /* Resources */ = {
			isa = PBXResourcesBuildPhase;
			buildActionMask = 2147483647;
			files = (
			);
			runOnlyForDeploymentPostprocessing = 0;
		};
/* End PBXResourcesBuildPhase section */

/* Begin PBXShellScriptBuildPhase section */
		3FE23E1F2315E4D3EA651E38 /* [CP] Copy Pods Resources */ = {
			isa = PBXShellScriptBuildPhase;
			buildActionMask = 2147483647;
			files = (
			);
			inputFileListPaths = (
				"${PODS_ROOT}/Target Support Files/Pods-Waiter/Pods-Waiter-resources-${CONFIGURATION}-input-files.xcfilelist",
			);
			name = "[CP] Copy Pods Resources";
			outputFileListPaths = (
				"${PODS_ROOT}/Target Support Files/Pods-Waiter/Pods-Waiter-resources-${CONFIGURATION}-output-files.xcfilelist",
			);
			runOnlyForDeploymentPostprocessing = 0;
			shellPath = /bin/sh;
			shellScript = "\"${PODS_ROOT}/Target Support Files/Pods-Waiter/Pods-Waiter-resources.sh\"\n";
			showEnvVarsInLog = 0;
		};
		4B78517B14AF5D4E969BB8BA /* [CP] Copy Pods Resources */ = {
			isa = PBXShellScriptBuildPhase;
			buildActionMask = 2147483647;
			files = (
			);
			inputFileListPaths = (
				"${PODS_ROOT}/Target Support Files/Pods-Waiter-WaiterUITests/Pods-Waiter-WaiterUITests-resources-${CONFIGURATION}-input-files.xcfilelist",
			);
			name = "[CP] Copy Pods Resources";
			outputFileListPaths = (
				"${PODS_ROOT}/Target Support Files/Pods-Waiter-WaiterUITests/Pods-Waiter-WaiterUITests-resources-${CONFIGURATION}-output-files.xcfilelist",
			);
			runOnlyForDeploymentPostprocessing = 0;
			shellPath = /bin/sh;
			shellScript = "\"${PODS_ROOT}/Target Support Files/Pods-Waiter-WaiterUITests/Pods-Waiter-WaiterUITests-resources.sh\"\n";
			showEnvVarsInLog = 0;
		};
		50ACBA870EB26D386BE56D91 /* [CP] Embed Pods Frameworks */ = {
			isa = PBXShellScriptBuildPhase;
			buildActionMask = 2147483647;
			files = (
			);
			inputFileListPaths = (
				"${PODS_ROOT}/Target Support Files/Pods-Waiter-WaiterUITests/Pods-Waiter-WaiterUITests-frameworks-${CONFIGURATION}-input-files.xcfilelist",
			);
			name = "[CP] Embed Pods Frameworks";
			outputFileListPaths = (
				"${PODS_ROOT}/Target Support Files/Pods-Waiter-WaiterUITests/Pods-Waiter-WaiterUITests-frameworks-${CONFIGURATION}-output-files.xcfilelist",
			);
			runOnlyForDeploymentPostprocessing = 0;
			shellPath = /bin/sh;
			shellScript = "\"${PODS_ROOT}/Target Support Files/Pods-Waiter-WaiterUITests/Pods-Waiter-WaiterUITests-frameworks.sh\"\n";
			showEnvVarsInLog = 0;
		};
		76BB1A5630E9B69D9AEBDD31 /* [CP] Check Pods Manifest.lock */ = {
			isa = PBXShellScriptBuildPhase;
			buildActionMask = 2147483647;
			files = (
			);
			inputFileListPaths = (
			);
			inputPaths = (
				"${PODS_PODFILE_DIR_PATH}/Podfile.lock",
				"${PODS_ROOT}/Manifest.lock",
			);
			name = "[CP] Check Pods Manifest.lock";
			outputFileListPaths = (
			);
			outputPaths = (
				"$(DERIVED_FILE_DIR)/Pods-Waiter-WaiterUITests-checkManifestLockResult.txt",
			);
			runOnlyForDeploymentPostprocessing = 0;
			shellPath = /bin/sh;
			shellScript = "diff \"${PODS_PODFILE_DIR_PATH}/Podfile.lock\" \"${PODS_ROOT}/Manifest.lock\" > /dev/null\nif [ $? != 0 ] ; then\n    # print error to STDERR\n    echo \"error: The sandbox is not in sync with the Podfile.lock. Run 'pod install' or update your CocoaPods installation.\" >&2\n    exit 1\nfi\n# This output is used by Xcode 'outputs' to avoid re-running this script phase.\necho \"SUCCESS\" > \"${SCRIPT_OUTPUT_FILE_0}\"\n";
			showEnvVarsInLog = 0;
		};
		7A250608C6817CF07A30C622 /* [CP] Embed Pods Frameworks */ = {
			isa = PBXShellScriptBuildPhase;
			buildActionMask = 2147483647;
			files = (
			);
			inputFileListPaths = (
				"${PODS_ROOT}/Target Support Files/Pods-Waiter/Pods-Waiter-frameworks-${CONFIGURATION}-input-files.xcfilelist",
			);
			name = "[CP] Embed Pods Frameworks";
			outputFileListPaths = (
				"${PODS_ROOT}/Target Support Files/Pods-Waiter/Pods-Waiter-frameworks-${CONFIGURATION}-output-files.xcfilelist",
			);
			runOnlyForDeploymentPostprocessing = 0;
			shellPath = /bin/sh;
			shellScript = "\"${PODS_ROOT}/Target Support Files/Pods-Waiter/Pods-Waiter-frameworks.sh\"\n";
			showEnvVarsInLog = 0;
		};
		C095F4E258F9022E6AEB664A /* [CP] Check Pods Manifest.lock */ = {
			isa = PBXShellScriptBuildPhase;
			buildActionMask = 2147483647;
			files = (
			);
			inputFileListPaths = (
			);
			inputPaths = (
				"${PODS_PODFILE_DIR_PATH}/Podfile.lock",
				"${PODS_ROOT}/Manifest.lock",
			);
			name = "[CP] Check Pods Manifest.lock";
			outputFileListPaths = (
			);
			outputPaths = (
				"$(DERIVED_FILE_DIR)/Pods-Waiter-checkManifestLockResult.txt",
			);
			runOnlyForDeploymentPostprocessing = 0;
			shellPath = /bin/sh;
			shellScript = "diff \"${PODS_PODFILE_DIR_PATH}/Podfile.lock\" \"${PODS_ROOT}/Manifest.lock\" > /dev/null\nif [ $? != 0 ] ; then\n    # print error to STDERR\n    echo \"error: The sandbox is not in sync with the Podfile.lock. Run 'pod install' or update your CocoaPods installation.\" >&2\n    exit 1\nfi\n# This output is used by Xcode 'outputs' to avoid re-running this script phase.\necho \"SUCCESS\" > \"${SCRIPT_OUTPUT_FILE_0}\"\n";
			showEnvVarsInLog = 0;
		};
		EEFD758C5B7625A9D9280152 /* [CP] Check Pods Manifest.lock */ = {
			isa = PBXShellScriptBuildPhase;
			buildActionMask = 2147483647;
			files = (
			);
			inputFileListPaths = (
			);
			inputPaths = (
				"${PODS_PODFILE_DIR_PATH}/Podfile.lock",
				"${PODS_ROOT}/Manifest.lock",
			);
			name = "[CP] Check Pods Manifest.lock";
			outputFileListPaths = (
			);
			outputPaths = (
				"$(DERIVED_FILE_DIR)/Pods-WaiterTests-checkManifestLockResult.txt",
			);
			runOnlyForDeploymentPostprocessing = 0;
			shellPath = /bin/sh;
			shellScript = "diff \"${PODS_PODFILE_DIR_PATH}/Podfile.lock\" \"${PODS_ROOT}/Manifest.lock\" > /dev/null\nif [ $? != 0 ] ; then\n    # print error to STDERR\n    echo \"error: The sandbox is not in sync with the Podfile.lock. Run 'pod install' or update your CocoaPods installation.\" >&2\n    exit 1\nfi\n# This output is used by Xcode 'outputs' to avoid re-running this script phase.\necho \"SUCCESS\" > \"${SCRIPT_OUTPUT_FILE_0}\"\n";
			showEnvVarsInLog = 0;
		};
/* End PBXShellScriptBuildPhase section */

/* Begin PBXSourcesBuildPhase section */
		0FEAF51A2463001300F9FF3B /* Sources */ = {
			isa = PBXSourcesBuildPhase;
			buildActionMask = 2147483647;
			files = (
				0FFE450C2482B7F500119830 /* ViewControllerRestaurantDetails.m in Sources */,
				0FFE451C24837E5000119830 /* ViewControllerLogin.m in Sources */,
				0FEAF5292463001300F9FF3B /* ViewController.m in Sources */,
				0FEAF5232463001300F9FF3B /* AppDelegate.m in Sources */,
				0FFE4517248356BA00119830 /* ViewControllerMenu.m in Sources */,
				0FEAF5342463001400F9FF3B /* main.m in Sources */,
				0F2C4C5C2497FC2200E096D6 /* ViewControllerProfile.m in Sources */,
				0FFE45142482D23100119830 /* ViewControllerQRScanner.m in Sources */,
				0FFE450F2482B87F00119830 /* ViewControllerRestaurantSearch.m in Sources */,
				0FFE452524839ED100119830 /* ViewControllerItem.m in Sources */,
				0FEAF5262463001300F9FF3B /* SceneDelegate.m in Sources */,
				0FFE451F24837FA400119830 /* ViewControllerMap.m in Sources */,
			);
			runOnlyForDeploymentPostprocessing = 0;
		};
		0FEAF5352463001400F9FF3B /* Sources */ = {
			isa = PBXSourcesBuildPhase;
			buildActionMask = 2147483647;
			files = (
				0FEAF53E2463001400F9FF3B /* WaiterTests.m in Sources */,
			);
			runOnlyForDeploymentPostprocessing = 0;
		};
		0FEAF5402463001400F9FF3B /* Sources */ = {
			isa = PBXSourcesBuildPhase;
			buildActionMask = 2147483647;
			files = (
				0FEAF5492463001400F9FF3B /* WaiterUITests.m in Sources */,
			);
			runOnlyForDeploymentPostprocessing = 0;
		};
/* End PBXSourcesBuildPhase section */

/* Begin PBXTargetDependency section */
		0FEAF53B2463001400F9FF3B /* PBXTargetDependency */ = {
			isa = PBXTargetDependency;
			target = 0FEAF51D2463001300F9FF3B /* Waiter */;
			targetProxy = 0FEAF53A2463001400F9FF3B /* PBXContainerItemProxy */;
		};
		0FEAF5462463001400F9FF3B /* PBXTargetDependency */ = {
			isa = PBXTargetDependency;
			target = 0FEAF51D2463001300F9FF3B /* Waiter */;
			targetProxy = 0FEAF5452463001400F9FF3B /* PBXContainerItemProxy */;
		};
/* End PBXTargetDependency section */

/* Begin PBXVariantGroup section */
		0FEAF52A2463001300F9FF3B /* Main.storyboard */ = {
			isa = PBXVariantGroup;
			children = (
				0FEAF52B2463001300F9FF3B /* Base */,
			);
			name = Main.storyboard;
			sourceTree = "<group>";
		};
		0FEAF52F2463001400F9FF3B /* LaunchScreen.storyboard */ = {
			isa = PBXVariantGroup;
			children = (
				0FEAF5302463001400F9FF3B /* Base */,
			);
			name = LaunchScreen.storyboard;
			sourceTree = "<group>";
		};
/* End PBXVariantGroup section */

/* Begin XCBuildConfiguration section */
		0FEAF54B2463001400F9FF3B /* Debug */ = {
			isa = XCBuildConfiguration;
			buildSettings = {
				ALWAYS_SEARCH_USER_PATHS = NO;
				CLANG_ANALYZER_NONNULL = YES;
				CLANG_ANALYZER_NUMBER_OBJECT_CONVERSION = YES_AGGRESSIVE;
				CLANG_CXX_LANGUAGE_STANDARD = "gnu++14";
				CLANG_CXX_LIBRARY = "libc++";
				CLANG_ENABLE_MODULES = YES;
				CLANG_ENABLE_OBJC_ARC = YES;
				CLANG_ENABLE_OBJC_WEAK = YES;
				CLANG_WARN_BLOCK_CAPTURE_AUTORELEASING = YES;
				CLANG_WARN_BOOL_CONVERSION = YES;
				CLANG_WARN_COMMA = YES;
				CLANG_WARN_CONSTANT_CONVERSION = YES;
				CLANG_WARN_DEPRECATED_OBJC_IMPLEMENTATIONS = YES;
				CLANG_WARN_DIRECT_OBJC_ISA_USAGE = YES_ERROR;
				CLANG_WARN_DOCUMENTATION_COMMENTS = YES;
				CLANG_WARN_EMPTY_BODY = YES;
				CLANG_WARN_ENUM_CONVERSION = YES;
				CLANG_WARN_INFINITE_RECURSION = YES;
				CLANG_WARN_INT_CONVERSION = YES;
				CLANG_WARN_NON_LITERAL_NULL_CONVERSION = YES;
				CLANG_WARN_OBJC_IMPLICIT_RETAIN_SELF = YES;
				CLANG_WARN_OBJC_LITERAL_CONVERSION = YES;
				CLANG_WARN_OBJC_ROOT_CLASS = YES_ERROR;
				CLANG_WARN_RANGE_LOOP_ANALYSIS = YES;
				CLANG_WARN_STRICT_PROTOTYPES = YES;
				CLANG_WARN_SUSPICIOUS_MOVE = YES;
				CLANG_WARN_UNGUARDED_AVAILABILITY = YES_AGGRESSIVE;
				CLANG_WARN_UNREACHABLE_CODE = YES;
				CLANG_WARN__DUPLICATE_METHOD_MATCH = YES;
				COPY_PHASE_STRIP = NO;
				DEBUG_INFORMATION_FORMAT = dwarf;
				ENABLE_STRICT_OBJC_MSGSEND = YES;
				ENABLE_TESTABILITY = YES;
				GCC_C_LANGUAGE_STANDARD = gnu11;
				GCC_DYNAMIC_NO_PIC = NO;
				GCC_NO_COMMON_BLOCKS = YES;
				GCC_OPTIMIZATION_LEVEL = 0;
				GCC_PREPROCESSOR_DEFINITIONS = (
					"DEBUG=1",
					"$(inherited)",
				);
				GCC_WARN_64_TO_32_BIT_CONVERSION = YES;
				GCC_WARN_ABOUT_RETURN_TYPE = YES_ERROR;
				GCC_WARN_UNDECLARED_SELECTOR = YES;
				GCC_WARN_UNINITIALIZED_AUTOS = YES_AGGRESSIVE;
				GCC_WARN_UNUSED_FUNCTION = YES;
				GCC_WARN_UNUSED_VARIABLE = YES;
				IPHONEOS_DEPLOYMENT_TARGET = 13.4;
				MTL_ENABLE_DEBUG_INFO = INCLUDE_SOURCE;
				MTL_FAST_MATH = YES;
				ONLY_ACTIVE_ARCH = YES;
				SDKROOT = iphoneos;
			};
			name = Debug;
		};
		0FEAF54C2463001400F9FF3B /* Release */ = {
			isa = XCBuildConfiguration;
			buildSettings = {
				ALWAYS_SEARCH_USER_PATHS = NO;
				CLANG_ANALYZER_NONNULL = YES;
				CLANG_ANALYZER_NUMBER_OBJECT_CONVERSION = YES_AGGRESSIVE;
				CLANG_CXX_LANGUAGE_STANDARD = "gnu++14";
				CLANG_CXX_LIBRARY = "libc++";
				CLANG_ENABLE_MODULES = YES;
				CLANG_ENABLE_OBJC_ARC = YES;
				CLANG_ENABLE_OBJC_WEAK = YES;
				CLANG_WARN_BLOCK_CAPTURE_AUTORELEASING = YES;
				CLANG_WARN_BOOL_CONVERSION = YES;
				CLANG_WARN_COMMA = YES;
				CLANG_WARN_CONSTANT_CONVERSION = YES;
				CLANG_WARN_DEPRECATED_OBJC_IMPLEMENTATIONS = YES;
				CLANG_WARN_DIRECT_OBJC_ISA_USAGE = YES_ERROR;
				CLANG_WARN_DOCUMENTATION_COMMENTS = YES;
				CLANG_WARN_EMPTY_BODY = YES;
				CLANG_WARN_ENUM_CONVERSION = YES;
				CLANG_WARN_INFINITE_RECURSION = YES;
				CLANG_WARN_INT_CONVERSION = YES;
				CLANG_WARN_NON_LITERAL_NULL_CONVERSION = YES;
				CLANG_WARN_OBJC_IMPLICIT_RETAIN_SELF = YES;
				CLANG_WARN_OBJC_LITERAL_CONVERSION = YES;
				CLANG_WARN_OBJC_ROOT_CLASS = YES_ERROR;
				CLANG_WARN_RANGE_LOOP_ANALYSIS = YES;
				CLANG_WARN_STRICT_PROTOTYPES = YES;
				CLANG_WARN_SUSPICIOUS_MOVE = YES;
				CLANG_WARN_UNGUARDED_AVAILABILITY = YES_AGGRESSIVE;
				CLANG_WARN_UNREACHABLE_CODE = YES;
				CLANG_WARN__DUPLICATE_METHOD_MATCH = YES;
				COPY_PHASE_STRIP = NO;
				DEBUG_INFORMATION_FORMAT = "dwarf-with-dsym";
				ENABLE_NS_ASSERTIONS = NO;
				ENABLE_STRICT_OBJC_MSGSEND = YES;
				GCC_C_LANGUAGE_STANDARD = gnu11;
				GCC_NO_COMMON_BLOCKS = YES;
				GCC_WARN_64_TO_32_BIT_CONVERSION = YES;
				GCC_WARN_ABOUT_RETURN_TYPE = YES_ERROR;
				GCC_WARN_UNDECLARED_SELECTOR = YES;
				GCC_WARN_UNINITIALIZED_AUTOS = YES_AGGRESSIVE;
				GCC_WARN_UNUSED_FUNCTION = YES;
				GCC_WARN_UNUSED_VARIABLE = YES;
				IPHONEOS_DEPLOYMENT_TARGET = 13.4;
				MTL_ENABLE_DEBUG_INFO = NO;
				MTL_FAST_MATH = YES;
				SDKROOT = iphoneos;
				VALIDATE_PRODUCT = YES;
			};
			name = Release;
		};
		0FEAF54E2463001400F9FF3B /* Debug */ = {
			isa = XCBuildConfiguration;
			baseConfigurationReference = 8AE3638FBFE8E721FF1524B2 /* Pods-Waiter.debug.xcconfig */;
			buildSettings = {
				ASSETCATALOG_COMPILER_APPICON_NAME = AppIcon;
				CODE_SIGN_STYLE = Automatic;
				INFOPLIST_FILE = Waiter/Info.plist;
				LD_RUNPATH_SEARCH_PATHS = (
					"$(inherited)",
					"@executable_path/Frameworks",
				);
				PRODUCT_BUNDLE_IDENTIFIER = mh6955.Waiter;
				PRODUCT_NAME = "$(TARGET_NAME)";
				TARGETED_DEVICE_FAMILY = "1,2";
			};
			name = Debug;
		};
		0FEAF54F2463001400F9FF3B /* Release */ = {
			isa = XCBuildConfiguration;
			baseConfigurationReference = 6743D044849C531B9E52E388 /* Pods-Waiter.release.xcconfig */;
			buildSettings = {
				ASSETCATALOG_COMPILER_APPICON_NAME = AppIcon;
				CODE_SIGN_STYLE = Automatic;
				INFOPLIST_FILE = Waiter/Info.plist;
				LD_RUNPATH_SEARCH_PATHS = (
					"$(inherited)",
					"@executable_path/Frameworks",
				);
				PRODUCT_BUNDLE_IDENTIFIER = mh6955.Waiter;
				PRODUCT_NAME = "$(TARGET_NAME)";
				TARGETED_DEVICE_FAMILY = "1,2";
			};
			name = Release;
		};
		0FEAF5512463001400F9FF3B /* Debug */ = {
			isa = XCBuildConfiguration;
			baseConfigurationReference = 6F55F8B22F48AC0C9176E03E /* Pods-WaiterTests.debug.xcconfig */;
			buildSettings = {
				BUNDLE_LOADER = "$(TEST_HOST)";
				CODE_SIGN_STYLE = Automatic;
				INFOPLIST_FILE = WaiterTests/Info.plist;
				IPHONEOS_DEPLOYMENT_TARGET = 13.4;
				LD_RUNPATH_SEARCH_PATHS = (
					"$(inherited)",
					"@executable_path/Frameworks",
					"@loader_path/Frameworks",
				);
				PRODUCT_BUNDLE_IDENTIFIER = mh6955.WaiterTests;
				PRODUCT_NAME = "$(TARGET_NAME)";
				TARGETED_DEVICE_FAMILY = "1,2";
				TEST_HOST = "$(BUILT_PRODUCTS_DIR)/Waiter.app/Waiter";
			};
			name = Debug;
		};
		0FEAF5522463001400F9FF3B /* Release */ = {
			isa = XCBuildConfiguration;
			baseConfigurationReference = 037C8EE2C23E0A811AE6A115 /* Pods-WaiterTests.release.xcconfig */;
			buildSettings = {
				BUNDLE_LOADER = "$(TEST_HOST)";
				CODE_SIGN_STYLE = Automatic;
				INFOPLIST_FILE = WaiterTests/Info.plist;
				IPHONEOS_DEPLOYMENT_TARGET = 13.4;
				LD_RUNPATH_SEARCH_PATHS = (
					"$(inherited)",
					"@executable_path/Frameworks",
					"@loader_path/Frameworks",
				);
				PRODUCT_BUNDLE_IDENTIFIER = mh6955.WaiterTests;
				PRODUCT_NAME = "$(TARGET_NAME)";
				TARGETED_DEVICE_FAMILY = "1,2";
				TEST_HOST = "$(BUILT_PRODUCTS_DIR)/Waiter.app/Waiter";
			};
			name = Release;
		};
		0FEAF5542463001400F9FF3B /* Debug */ = {
			isa = XCBuildConfiguration;
			baseConfigurationReference = 71AB7710476768F1319563CF /* Pods-Waiter-WaiterUITests.debug.xcconfig */;
			buildSettings = {
				CODE_SIGN_STYLE = Automatic;
				INFOPLIST_FILE = WaiterUITests/Info.plist;
				LD_RUNPATH_SEARCH_PATHS = (
					"$(inherited)",
					"@executable_path/Frameworks",
					"@loader_path/Frameworks",
				);
				PRODUCT_BUNDLE_IDENTIFIER = mh6955.WaiterUITests;
				PRODUCT_NAME = "$(TARGET_NAME)";
				TARGETED_DEVICE_FAMILY = "1,2";
				TEST_TARGET_NAME = Waiter;
			};
			name = Debug;
		};
		0FEAF5552463001400F9FF3B /* Release */ = {
			isa = XCBuildConfiguration;
			baseConfigurationReference = D0BD954E7E5F042EF817A3FC /* Pods-Waiter-WaiterUITests.release.xcconfig */;
			buildSettings = {
				CODE_SIGN_STYLE = Automatic;
				INFOPLIST_FILE = WaiterUITests/Info.plist;
				LD_RUNPATH_SEARCH_PATHS = (
					"$(inherited)",
					"@executable_path/Frameworks",
					"@loader_path/Frameworks",
				);
				PRODUCT_BUNDLE_IDENTIFIER = mh6955.WaiterUITests;
				PRODUCT_NAME = "$(TARGET_NAME)";
				TARGETED_DEVICE_FAMILY = "1,2";
				TEST_TARGET_NAME = Waiter;
			};
			name = Release;
		};
/* End XCBuildConfiguration section */

/* Begin XCConfigurationList section */
		0FEAF5192463001300F9FF3B /* Build configuration list for PBXProject "Waiter" */ = {
			isa = XCConfigurationList;
			buildConfigurations = (
				0FEAF54B2463001400F9FF3B /* Debug */,
				0FEAF54C2463001400F9FF3B /* Release */,
			);
			defaultConfigurationIsVisible = 0;
			defaultConfigurationName = Release;
		};
		0FEAF54D2463001400F9FF3B /* Build configuration list for PBXNativeTarget "Waiter" */ = {
			isa = XCConfigurationList;
			buildConfigurations = (
				0FEAF54E2463001400F9FF3B /* Debug */,
				0FEAF54F2463001400F9FF3B /* Release */,
			);
			defaultConfigurationIsVisible = 0;
			defaultConfigurationName = Release;
		};
		0FEAF5502463001400F9FF3B /* Build configuration list for PBXNativeTarget "WaiterTests" */ = {
			isa = XCConfigurationList;
			buildConfigurations = (
				0FEAF5512463001400F9FF3B /* Debug */,
				0FEAF5522463001400F9FF3B /* Release */,
			);
			defaultConfigurationIsVisible = 0;
			defaultConfigurationName = Release;
		};
		0FEAF5532463001400F9FF3B /* Build configuration list for PBXNativeTarget "WaiterUITests" */ = {
			isa = XCConfigurationList;
			buildConfigurations = (
				0FEAF5542463001400F9FF3B /* Debug */,
				0FEAF5552463001400F9FF3B /* Release */,
			);
			defaultConfigurationIsVisible = 0;
			defaultConfigurationName = Release;
		};
/* End XCConfigurationList section */

/* Begin XCRemoteSwiftPackageReference section */
		0FE712E02497B54A007952B4 /* XCRemoteSwiftPackageReference "facebook-ios-sdk" */ = {
			isa = XCRemoteSwiftPackageReference;
			repositoryURL = "https://github.com/facebook/facebook-ios-sdk";
			requirement = {
				kind = upToNextMajorVersion;
				minimumVersion = 7.0.1;
			};
		};
/* End XCRemoteSwiftPackageReference section */

/* Begin XCSwiftPackageProductDependency section */
		0FE712E12497B54A007952B4 /* FacebookLogin */ = {
			isa = XCSwiftPackageProductDependency;
			package = 0FE712E02497B54A007952B4 /* XCRemoteSwiftPackageReference "facebook-ios-sdk" */;
			productName = FacebookLogin;
		};
/* End XCSwiftPackageProductDependency section */
	};
	rootObject = 0FEAF5162463001300F9FF3B /* Project object */;
}
